
Microsoft Visual Studio Solution File, Format Version 12.00
# Visual Studio Version 17
VisualStudioVersion = 17.9.34310.174
MinimumVisualStudioVersion = 10.0.40219.1
Project("{FAE04EC0-301F-11D3-BF4B-00C04F79EFBC}") = "AzureContainerAppA", "AzureContainerAppA\AzureContainerAppA.csproj", "{2DCB4C5A-D009-408A-82CA-A6A897FA520E}"
EndProject
Global
	GlobalSection(SolutionConfigurationPlatforms) = preSolution
		Debug|Any CPU = Debug|Any CPU
		Release|Any CPU = Release|Any CPU
	EndGlobalSection
	GlobalSection(ProjectConfigurationPlatforms) = postSolution
		{2DCB4C5A-D009-408A-82CA-A6A897FA520E}.Debug|Any CPU.ActiveCfg = Debug|Any CPU
		{2DCB4C5A-D009-408A-82CA-A6A897FA520E}.Debug|Any CPU.Build.0 = Debug|Any CPU
		{2DCB4C5A-D009-408A-82CA-A6A897FA520E}.Release|Any CPU.ActiveCfg = Release|Any CPU
		{2DCB4C5A-D009-408A-82CA-A6A897FA520E}.Release|Any CPU.Build.0 = Release|Any CPU
	EndGlobalSection
	GlobalSection(SolutionProperties) = preSolution
		HideSolutionNode = FALSE
	EndGlobalSection
	GlobalSection(ExtensibilityGlobals) = postSolution
		SolutionGuid = {7D699E44-6FD3-47FD-8CE8-A1B805C7A6E9}
	EndGlobalSection
EndGlobal
